
Microsoft Visual Studio Solution File, Format Version 12.00
# Visual Studio Version 17
VisualStudioVersion = 17.8.34330.188
MinimumVisualStudioVersion = 10.0.40219.1
Project("{FAE04EC0-301F-11D3-BF4B-00C04F79EFBC}") = "PhysTrackWeb_WASM", "PhysTrackWeb_WASM\PhysTrackWeb_WASM.csproj", "{903810AB-7501-4803-866E-28CEF9FDD17F}"
EndProject
Global
	GlobalSection(SolutionConfigurationPlatforms) = preSolution
		Debug|Any CPU = Debug|Any CPU
		Release|Any CPU = Release|Any CPU
	EndGlobalSection
	GlobalSection(ProjectConfigurationPlatforms) = postSolution
		{903810AB-7501-4803-866E-28CEF9FDD17F}.Debug|Any CPU.ActiveCfg = Debug|Any CPU
		{903810AB-7501-4803-866E-28CEF9FDD17F}.Debug|Any CPU.Build.0 = Debug|Any CPU
		{903810AB-7501-4803-866E-28CEF9FDD17F}.Release|Any CPU.ActiveCfg = Release|Any CPU
		{903810AB-7501-4803-866E-28CEF9FDD17F}.Release|Any CPU.Build.0 = Release|Any CPU
	EndGlobalSection
	GlobalSection(SolutionProperties) = preSolution
		HideSolutionNode = FALSE
	EndGlobalSection
	GlobalSection(ExtensibilityGlobals) = postSolution
		SolutionGuid = {B08FFA61-4A79-4180-A6AF-9796D9FCDBD4}
	EndGlobalSection
EndGlobal
